
Microsoft Visual Studio Solution File, Format Version 12.00
# Visual Studio Version 16
VisualStudioVersion = 16.0.30114.105
MinimumVisualStudioVersion = 10.0.40219.1
Project("{FAE04EC0-301F-11D3-BF4B-00C04F79EFBC}") = "PW Info Strade X l'Italia - Azure Function", "PW Info Strade X l'Italia - Azure Function.csproj", "{694DE23B-4D5A-44B3-AD79-D6F07901995E}"
EndProject
Global
	GlobalSection(SolutionConfigurationPlatforms) = preSolution
		Debug|Any CPU = Debug|Any CPU
		Release|Any CPU = Release|Any CPU
	EndGlobalSection
	GlobalSection(ProjectConfigurationPlatforms) = postSolution
		{694DE23B-4D5A-44B3-AD79-D6F07901995E}.Debug|Any CPU.ActiveCfg = Debug|Any CPU
		{694DE23B-4D5A-44B3-AD79-D6F07901995E}.Debug|Any CPU.Build.0 = Debug|Any CPU
		{694DE23B-4D5A-44B3-AD79-D6F07901995E}.Release|Any CPU.ActiveCfg = Release|Any CPU
		{694DE23B-4D5A-44B3-AD79-D6F07901995E}.Release|Any CPU.Build.0 = Release|Any CPU
	EndGlobalSection
	GlobalSection(SolutionProperties) = preSolution
		HideSolutionNode = FALSE
	EndGlobalSection
	GlobalSection(ExtensibilityGlobals) = postSolution
		SolutionGuid = {DCADF8A1-67B6-408B-AF7C-7F9FA3CE323D}
	EndGlobalSection
EndGlobal
